
Microsoft Visual Studio Solution File, Format Version 12.00
# Visual Studio Version 17
VisualStudioVersion = 17.1.32328.378
MinimumVisualStudioVersion = 10.0.40219.1
Project("{FAE04EC0-301F-11D3-BF4B-00C04F79EFBC}") = "Sistema de Gerenciamento", "Sistema de Gerenciamento\Sistema de Gerenciamento.csproj", "{660C1E86-8177-4FFE-82FF-DEB854B373D1}"
EndProject
Global
	GlobalSection(SolutionConfigurationPlatforms) = preSolution
		Debug|Any CPU = Debug|Any CPU
		Release|Any CPU = Release|Any CPU
	EndGlobalSection
	GlobalSection(ProjectConfigurationPlatforms) = postSolution
		{660C1E86-8177-4FFE-82FF-DEB854B373D1}.Debug|Any CPU.ActiveCfg = Debug|Any CPU
		{660C1E86-8177-4FFE-82FF-DEB854B373D1}.Debug|Any CPU.Build.0 = Debug|Any CPU
		{660C1E86-8177-4FFE-82FF-DEB854B373D1}.Release|Any CPU.ActiveCfg = Release|Any CPU
		{660C1E86-8177-4FFE-82FF-DEB854B373D1}.Release|Any CPU.Build.0 = Release|Any CPU
	EndGlobalSection
	GlobalSection(SolutionProperties) = preSolution
		HideSolutionNode = FALSE
	EndGlobalSection
	GlobalSection(ExtensibilityGlobals) = postSolution
		SolutionGuid = {E2924650-45B4-4D3C-B956-5A78BAE9272E}
	EndGlobalSection
EndGlobal
